
Microsoft Visual Studio Solution File, Format Version 12.00
# Visual Studio Version 16
VisualStudioVersion = 16.0.31911.196
MinimumVisualStudioVersion = 10.0.40219.1
Project("{FAE04EC0-301F-11D3-BF4B-00C04F79EFBC}") = "TopDown", "TopDown\TopDown.csproj", "{3BEB9C1D-0520-48B0-8E99-D3F6D24B644C}"
EndProject
Global
	GlobalSection(SolutionConfigurationPlatforms) = preSolution
		Debug|Any CPU = Debug|Any CPU
		Release|Any CPU = Release|Any CPU
	EndGlobalSection
	GlobalSection(ProjectConfigurationPlatforms) = postSolution
		{3BEB9C1D-0520-48B0-8E99-D3F6D24B644C}.Debug|Any CPU.ActiveCfg = Debug|Any CPU
		{3BEB9C1D-0520-48B0-8E99-D3F6D24B644C}.Debug|Any CPU.Build.0 = Debug|Any CPU
		{3BEB9C1D-0520-48B0-8E99-D3F6D24B644C}.Release|Any CPU.ActiveCfg = Release|Any CPU
		{3BEB9C1D-0520-48B0-8E99-D3F6D24B644C}.Release|Any CPU.Build.0 = Release|Any CPU
	EndGlobalSection
	GlobalSection(SolutionProperties) = preSolution
		HideSolutionNode = FALSE
	EndGlobalSection
	GlobalSection(ExtensibilityGlobals) = postSolution
		SolutionGuid = {D241F8BE-603A-4CC3-AB3F-3E6635140451}
	EndGlobalSection
EndGlobal
